
Microsoft Visual Studio Solution File, Format Version 12.00
# Visual Studio Version 17
VisualStudioVersion = 17.9.34728.123
MinimumVisualStudioVersion = 10.0.40219.1
Project("{FAE04EC0-301F-11D3-BF4B-00C04F79EFBC}") = "WinFormsApp1", "WinFormsApp1\WinFormsApp1.csproj", "{B7AC0B4C-146C-4F9E-BB7B-3E6CE668DF6C}"
EndProject
Global
	GlobalSection(SolutionConfigurationPlatforms) = preSolution
		Debug|Any CPU = Debug|Any CPU
		Release|Any CPU = Release|Any CPU
	EndGlobalSection
	GlobalSection(ProjectConfigurationPlatforms) = postSolution
		{B7AC0B4C-146C-4F9E-BB7B-3E6CE668DF6C}.Debug|Any CPU.ActiveCfg = Debug|Any CPU
		{B7AC0B4C-146C-4F9E-BB7B-3E6CE668DF6C}.Debug|Any CPU.Build.0 = Debug|Any CPU
		{B7AC0B4C-146C-4F9E-BB7B-3E6CE668DF6C}.Release|Any CPU.ActiveCfg = Release|Any CPU
		{B7AC0B4C-146C-4F9E-BB7B-3E6CE668DF6C}.Release|Any CPU.Build.0 = Release|Any CPU
	EndGlobalSection
	GlobalSection(SolutionProperties) = preSolution
		HideSolutionNode = FALSE
	EndGlobalSection
	GlobalSection(ExtensibilityGlobals) = postSolution
		SolutionGuid = {24C51B2E-DE29-454C-8666-D631787912A7}
	EndGlobalSection
EndGlobal
